
Microsoft Visual Studio Solution File, Format Version 12.00
# Visual Studio Version 17
VisualStudioVersion = 17.3.32811.315
MinimumVisualStudioVersion = 10.0.40219.1
Project("{FAE04EC0-301F-11D3-BF4B-00C04F79EFBC}") = "Estacionamiento-C", "Estacionamiento-C\Estacionamiento-C.csproj", "{9AA78021-0B1C-4EEA-930C-B462082B1AB2}"
EndProject
Global
	GlobalSection(SolutionConfigurationPlatforms) = preSolution
		Debug|Any CPU = Debug|Any CPU
		Release|Any CPU = Release|Any CPU
	EndGlobalSection
	GlobalSection(ProjectConfigurationPlatforms) = postSolution
		{9AA78021-0B1C-4EEA-930C-B462082B1AB2}.Debug|Any CPU.ActiveCfg = Debug|Any CPU
		{9AA78021-0B1C-4EEA-930C-B462082B1AB2}.Debug|Any CPU.Build.0 = Debug|Any CPU
		{9AA78021-0B1C-4EEA-930C-B462082B1AB2}.Release|Any CPU.ActiveCfg = Release|Any CPU
		{9AA78021-0B1C-4EEA-930C-B462082B1AB2}.Release|Any CPU.Build.0 = Release|Any CPU
	EndGlobalSection
	GlobalSection(SolutionProperties) = preSolution
		HideSolutionNode = FALSE
	EndGlobalSection
	GlobalSection(ExtensibilityGlobals) = postSolution
		SolutionGuid = {8B0A25D8-602C-47F2-AB79-850AA7B3E785}
	EndGlobalSection
EndGlobal
